// !$*UTF8*$!
{
	archiveVersion = 1;
	classes = {
	};
	objectVersion = 46;
	objects = {

/* Begin PBXBuildFile section */
		D561E9D41CEEFA2C0025B98A /* main.m in Sources */ = {isa = PBXBuildFile; fileRef = D561E9D31CEEFA2C0025B98A /* main.m */; };
		D561E9D71CEEFA2C0025B98A /* AppDelegate.m in Sources */ = {isa = PBXBuildFile; fileRef = D561E9D61CEEFA2C0025B98A /* AppDelegate.m */; };
		D561E9DF1CEEFA2C0025B98A /* Assets.xcassets in Resources */ = {isa = PBXBuildFile; fileRef = D561E9DE1CEEFA2C0025B98A /* Assets.xcassets */; };
		D561E9E21CEEFA2C0025B98A /* LaunchScreen.storyboard in Resources */ = {isa = PBXBuildFile; fileRef = D561E9E01CEEFA2C0025B98A /* LaunchScreen.storyboard */; };
		D561E9EB1CEEFA420025B98A /* AlertSheetView.m in Sources */ = {isa = PBXBuildFile; fileRef = D561E9EA1CEEFA420025B98A /* AlertSheetView.m */; };
		D561E9EF1CEF0AC30025B98A /* RootViewController.m in Sources */ = {isa = PBXBuildFile; fileRef = D561E9ED1CEF0AC30025B98A /* RootViewController.m */; };
		D561E9F01CEF0AC30025B98A /* RootViewController.xib in Resources */ = {isa = PBXBuildFile; fileRef = D561E9EE1CEF0AC30025B98A /* RootViewController.xib */; };
		D561E9F21CEF113A0025B98A /* AlertSheetView.xib in Resources */ = {isa = PBXBuildFile; fileRef = D561E9F11CEF113A0025B98A /* AlertSheetView.xib */; };
/* End PBXBuildFile section */

/* Begin PBXFileReference section */
		D561E9CF1CEEFA2C0025B98A /* AlertSheetView.app */ = {isa = PBXFileReference; explicitFileType = wrapper.application; includeInIndex = 0; path = AlertSheetView.app; sourceTree = BUILT_PRODUCTS_DIR; };
		D561E9D31CEEFA2C0025B98A /* main.m */ = {isa = PBXFileReference; lastKnownFileType = sourcecode.c.objc; path = main.m; sourceTree = "<group>"; };
		D561E9D51CEEFA2C0025B98A /* AppDelegate.h */ = {isa = PBXFileReference; lastKnownFileType = sourcecode.c.h; path = AppDelegate.h; sourceTree = "<group>"; };
		D561E9D61CEEFA2C0025B98A /* AppDelegate.m */ = {isa = PBXFileReference; lastKnownFileType = sourcecode.c.objc; path = AppDelegate.m; sourceTree = "<group>"; };
		D561E9DE1CEEFA2C0025B98A /* Assets.xcassets */ = {isa = PBXFileReference; lastKnownFileType = folder.assetcatalog; path = Assets.xcassets; sourceTree = "<group>"; };
		D561E9E11CEEFA2C0025B98A /* Base */ = {isa = PBXFileReference; lastKnownFileType = file.storyboard; name = Base; path = Base.lproj/LaunchScreen.storyboard; sourceTree = "<group>"; };
		D561E9E31CEEFA2C0025B98A /* Info.plist */ = {isa = PBXFileReference; lastKnownFileType = text.plist.xml; path = Info.plist; sourceTree = "<group>"; };
		D561E9E91CEEFA420025B98A /* AlertSheetView.h */ = {isa = PBXFileReference; fileEncoding = 4; lastKnownFileType = sourcecode.c.h; path = AlertSheetView.h; sourceTree = "<group>"; };
		D561E9EA1CEEFA420025B98A /* AlertSheetView.m */ = {isa = PBXFileReference; fileEncoding = 4; lastKnownFileType = sourcecode.c.objc; path = AlertSheetView.m; sourceTree = "<group>"; };
		D561E9EC1CEF0AC20025B98A /* RootViewController.h */ = {isa = PBXFileReference; fileEncoding = 4; lastKnownFileType = sourcecode.c.h; path = RootViewController.h; sourceTree = "<group>"; };
		D561E9ED1CEF0AC30025B98A /* RootViewController.m */ = {isa = PBXFileReference; fileEncoding = 4; lastKnownFileType = sourcecode.c.objc; path = RootViewController.m; sourceTree = "<group>"; };
		D561E9EE1CEF0AC30025B98A /* RootViewController.xib */ = {isa = PBXFileReference; fileEncoding = 4; lastKnownFileType = file.xib; path = RootViewController.xib; sourceTree = "<group>"; };
		D561E9F11CEF113A0025B98A /* AlertSheetView.xib */ = {isa = PBXFileReference; fileEncoding = 4; lastKnownFileType = file.xib; path = AlertSheetView.xib; sourceTree = "<group>"; };
/* End PBXFileReference section */

/* Begin PBXFrameworksBuildPhase section */
		D561E9CC1CEEFA2C0025B98A /* Frameworks */ = {
			isa = PBXFrameworksBuildPhase;
			buildActionMask = 2147483647;
			files = (
			);
			runOnlyForDeploymentPostprocessing = 0;
		};
/* End PBXFrameworksBuildPhase section */

/* Begin PBXGroup section */
		D561E9C61CEEFA2C0025B98A = {
			isa = PBXGroup;
			children = (
				D561E9D11CEEFA2C0025B98A /* AlertSheetView */,
				D561E9D01CEEFA2C0025B98A /* Products */,
			);
			sourceTree = "<group>";
		};
		D561E9D01CEEFA2C0025B98A /* Products */ = {
			isa = PBXGroup;
			children = (
				D561E9CF1CEEFA2C0025B98A /* AlertSheetView.app */,
			);
			name = Products;
			sourceTree = "<group>";
		};
		D561E9D11CEEFA2C0025B98A /* AlertSheetView */ = {
			isa = PBXGroup;
			children = (
				D561E9D51CEEFA2C0025B98A /* AppDelegate.h */,
				D561E9D61CEEFA2C0025B98A /* AppDelegate.m */,
				D561E9EC1CEF0AC20025B98A /* RootViewController.h */,
				D561E9ED1CEF0AC30025B98A /* RootViewController.m */,
				D561E9EE1CEF0AC30025B98A /* RootViewController.xib */,
				D561E9E91CEEFA420025B98A /* AlertSheetView.h */,
				D561E9EA1CEEFA420025B98A /* AlertSheetView.m */,
				D561E9F11CEF113A0025B98A /* AlertSheetView.xib */,
				D561E9DE1CEEFA2C0025B98A /* Assets.xcassets */,
				D561E9E01CEEFA2C0025B98A /* LaunchScreen.storyboard */,
				D561E9E31CEEFA2C0025B98A /* Info.plist */,
				D561E9D21CEEFA2C0025B98A /* Supporting Files */,
			);
			path = AlertSheetView;
			sourceTree = "<group>";
		};
		D561E9D21CEEFA2C0025B98A /* Supporting Files */ = {
			isa = PBXGroup;
			children = (
				D561E9D31CEEFA2C0025B98A /* main.m */,
			);
			name = "Supporting Files";
			sourceTree = "<group>";
		};
/* End PBXGroup section */

/* Begin PBXNativeTarget section */
		D561E9CE1CEEFA2C0025B98A /* AlertSheetView */ = {
			isa = PBXNativeTarget;
			buildConfigurationList = D561E9E61CEEFA2C0025B98A /* Build configuration list for PBXNativeTarget "AlertSheetView" */;
			buildPhases = (
				D561E9CB1CEEFA2C0025B98A /* Sources */,
				D561E9CC1CEEFA2C0025B98A /* Frameworks */,
				D561E9CD1CEEFA2C0025B98A /* Resources */,
			);
			buildRules = (
			);
			dependencies = (
			);
			name = AlertSheetView;
			productName = AlertSheetView;
			productReference = D561E9CF1CEEFA2C0025B98A /* AlertSheetView.app */;
			productType = "com.apple.product-type.application";
		};
/* End PBXNativeTarget section */

/* Begin PBXProject section */
		D561E9C71CEEFA2C0025B98A /* Project object */ = {
			isa = PBXProject;
			attributes = {
				LastUpgradeCheck = 0730;
				ORGANIZATIONNAME = zhanght;
				TargetAttributes = {
					D561E9CE1CEEFA2C0025B98A = {
						CreatedOnToolsVersion = 7.3;
					};
				};
			};
			buildConfigurationList = D561E9CA1CEEFA2C0025B98A /* Build configuration list for PBXProject "AlertSheetView" */;
			compatibilityVersion = "Xcode 3.2";
			developmentRegion = English;
			hasScannedForEncodings = 0;
			knownRegions = (
				en,
				Base,
			);
			mainGroup = D561E9C61CEEFA2C0025B98A;
			productRefGroup = D561E9D01CEEFA2C0025B98A /* Products */;
			projectDirPath = "";
			projectRoot = "";
			targets = (
				D561E9CE1CEEFA2C0025B98A /* AlertSheetView */,
			);
		};
/* End PBXProject section */

/* Begin PBXResourcesBuildPhase section */
		D561E9CD1CEEFA2C0025B98A /* Resources */ = {
			isa = PBXResourcesBuildPhase;
			buildActionMask = 2147483647;
			files = (
				D561E9E21CEEFA2C0025B98A /* LaunchScreen.storyboard in Resources */,
				D561E9DF1CEEFA2C0025B98A /* Assets.xcassets in Resources */,
				D561E9F01CEF0AC30025B98A /* RootViewController.xib in Resources */,
				D561E9F21CEF113A0025B98A /* AlertSheetView.xib in Resources */,
			);
			runOnlyForDeploymentPostprocessing = 0;
		};
/* End PBXResourcesBuildPhase section */

/* Begin PBXSourcesBuildPhase section */
		D561E9CB1CEEFA2C0025B98A /* Sources */ = {
			isa = PBXSourcesBuildPhase;
			buildActionMask = 2147483647;
			files = (
				D561E9D71CEEFA2C0025B98A /* AppDelegate.m in Sources */,
				D561E9D41CEEFA2C0025B98A /* main.m in Sources */,
				D561E9EF1CEF0AC30025B98A /* RootViewController.m in Sources */,
				D561E9EB1CEEFA420025B98A /* AlertSheetView.m in Sources */,
			);
			runOnlyForDeploymentPostprocessing = 0;
		};
/* End PBXSourcesBuildPhase section */

/* Begin PBXVariantGroup section */
		D561E9E01CEEFA2C0025B98A /* LaunchScreen.storyboard */ = {
			isa = PBXVariantGroup;
			children = (
				D561E9E11CEEFA2C0025B98A /* Base */,
			);
			name = LaunchScreen.storyboard;
			sourceTree = "<group>";
		};
/* End PBXVariantGroup section */

/* Begin XCBuildConfiguration section */
		D561E9E41CEEFA2C0025B98A /* Debug */ = {
			isa = XCBuildConfiguration;
			buildSettings = {
				ALWAYS_SEARCH_USER_PATHS = NO;
				CLANG_ANALYZER_NONNULL = YES;
				CLANG_CXX_LANGUAGE_STANDARD = "gnu++0x";
				CLANG_CXX_LIBRARY = "libc++";
				CLANG_ENABLE_MODULES = YES;
				CLANG_ENABLE_OBJC_ARC = YES;
				CLANG_WARN_BOOL_CONVERSION = YES;
				CLANG_WARN_CONSTANT_CONVERSION = YES;
				CLANG_WARN_DIRECT_OBJC_ISA_USAGE = YES_ERROR;
				CLANG_WARN_EMPTY_BODY = YES;
				CLANG_WARN_ENUM_CONVERSION = YES;
				CLANG_WARN_INT_CONVERSION = YES;
				CLANG_WARN_OBJC_ROOT_CLASS = YES_ERROR;
				CLANG_WARN_UNREACHABLE_CODE = YES;
				CLANG_WARN__DUPLICATE_METHOD_MATCH = YES;
				"CODE_SIGN_IDENTITY[sdk=iphoneos*]" = "iPhone Developer";
				COPY_PHASE_STRIP = NO;
				DEBUG_INFORMATION_FORMAT = dwarf;
				ENABLE_STRICT_OBJC_MSGSEND = YES;
				ENABLE_TESTABILITY = YES;
				GCC_C_LANGUAGE_STANDARD = gnu99;
				GCC_DYNAMIC_NO_PIC = NO;
				GCC_NO_COMMON_BLOCKS = YES;
				GCC_OPTIMIZATION_LEVEL = 0;
				GCC_PREPROCESSOR_DEFINITIONS = (
					"DEBUG=1",
					"$(inherited)",
				);
				GCC_WARN_64_TO_32_BIT_CONVERSION = YES;
				GCC_WARN_ABOUT_RETURN_TYPE = YES_ERROR;
				GCC_WARN_UNDECLARED_SELECTOR = YES;
				GCC_WARN_UNINITIALIZED_AUTOS = YES_AGGRESSIVE;
				GCC_WARN_UNUSED_FUNCTION = YES;
				GCC_WARN_UNUSED_VARIABLE = YES;
				IPHONEOS_DEPLOYMENT_TARGET = 9.3;
				MTL_ENABLE_DEBUG_INFO = YES;
				ONLY_ACTIVE_ARCH = YES;
				SDKROOT = iphoneos;
				TARGETED_DEVICE_FAMILY = "1,2";
			};
			name = Debug;
		};
		D561E9E51CEEFA2C0025B98A /* Release */ = {
			isa = XCBuildConfiguration;
			buildSettings = {
				ALWAYS_SEARCH_USER_PATHS = NO;
				CLANG_ANALYZER_NONNULL = YES;
				CLANG_CXX_LANGUAGE_STANDARD = "gnu++0x";
				CLANG_CXX_LIBRARY = "libc++";
				CLANG_ENABLE_MODULES = YES;
				CLANG_ENABLE_OBJC_ARC = YES;
				CLANG_WARN_BOOL_CONVERSION = YES;
				CLANG_WARN_CONSTANT_CONVERSION = YES;
				CLANG_WARN_DIRECT_OBJC_ISA_USAGE = YES_ERROR;
				CLANG_WARN_EMPTY_BODY = YES;
				CLANG_WARN_ENUM_CONVERSION = YES;
				CLANG_WARN_INT_CONVERSION = YES;
				CLANG_WARN_OBJC_ROOT_CLASS = YES_ERROR;
				CLANG_WARN_UNREACHABLE_CODE = YES;
				CLANG_WARN__DUPLICATE_METHOD_MATCH = YES;
				"CODE_SIGN_IDENTITY[sdk=iphoneos*]" = "iPhone Developer";
				COPY_PHASE_STRIP = NO;
				DEBUG_INFORMATION_FORMAT = "dwarf-with-dsym";
				ENABLE_NS_ASSERTIONS = NO;
				ENABLE_STRICT_OBJC_MSGSEND = YES;
				GCC_C_LANGUAGE_STANDARD = gnu99;
				GCC_NO_COMMON_BLOCKS = YES;
				GCC_WARN_64_TO_32_BIT_CONVERSION = YES;
				GCC_WARN_ABOUT_RETURN_TYPE = YES_ERROR;
				GCC_WARN_UNDECLARED_SELECTOR = YES;
				GCC_WARN_UNINITIALIZED_AUTOS = YES_AGGRESSIVE;
				GCC_WARN_UNUSED_FUNCTION = YES;
				GCC_WARN_UNUSED_VARIABLE = YES;
				IPHONEOS_DEPLOYMENT_TARGET = 9.3;
				MTL_ENABLE_DEBUG_INFO = NO;
				SDKROOT = iphoneos;
				TARGETED_DEVICE_FAMILY = "1,2";
				VALIDATE_PRODUCT = YES;
			};
			name = Release;
		};
		D561E9E71CEEFA2C0025B98A /* Debug */ = {
			isa = XCBuildConfiguration;
			buildSettings = {
				ASSETCATALOG_COMPILER_APPICON_NAME = AppIcon;
				INFOPLIST_FILE = AlertSheetView/Info.plist;
				IPHONEOS_DEPLOYMENT_TARGET = 7.0;
				LD_RUNPATH_SEARCH_PATHS = "$(inherited) @executable_path/Frameworks";
				PRODUCT_BUNDLE_IDENTIFIER = zhanght.AlertSheetView;
				PRODUCT_NAME = "$(TARGET_NAME)";
			};
			name = Debug;
		};
		D561E9E81CEEFA2C0025B98A /* Release */ = {
			isa = XCBuildConfiguration;
			buildSettings = {
				ASSETCATALOG_COMPILER_APPICON_NAME = AppIcon;
				INFOPLIST_FILE = AlertSheetView/Info.plist;
				IPHONEOS_DEPLOYMENT_TARGET = 7.0;
				LD_RUNPATH_SEARCH_PATHS = "$(inherited) @executable_path/Frameworks";
				PRODUCT_BUNDLE_IDENTIFIER = zhanght.AlertSheetView;
				PRODUCT_NAME = "$(TARGET_NAME)";
			};
			name = Release;
		};
/* End XCBuildConfiguration section */

/* Begin XCConfigurationList section */
		D561E9CA1CEEFA2C0025B98A /* Build configuration list for PBXProject "AlertSheetView" */ = {
			isa = XCConfigurationList;
			buildConfigurations = (
				D561E9E41CEEFA2C0025B98A /* Debug */,
				D561E9E51CEEFA2C0025B98A /* Release */,
			);
			defaultConfigurationIsVisible = 0;
			defaultConfigurationName = Release;
		};
		D561E9E61CEEFA2C0025B98A /* Build configuration list for PBXNativeTarget "AlertSheetView" */ = {
			isa = XCConfigurationList;
			buildConfigurations = (
				D561E9E71CEEFA2C0025B98A /* Debug */,
				D561E9E81CEEFA2C0025B98A /* Release */,
			);
			defaultConfigurationIsVisible = 0;
		};
/* End XCConfigurationList section */
	};
	rootObject = D561E9C71CEEFA2C0025B98A /* Project object */;
}
